{
    "name": "@loupeteam/librarybuilderproject",
    "version": "0.2.0",
    "lockfileVersion": 3,
    "requires": true,
    "packages": {
        "": {
            "name": "@loupeteam/librarybuilderproject",
            "version": "0.2.0",
            "license": "MIT",
            "dependencies": {
                "@loupeteam/librarybuilderproject": "^0.3.0",
                "@loupeteam/quickio": "^0.0.2"
            }
        },
        "node_modules/@loupeteam/librarybuilderproject": {
            "version": "0.3.0",
            "resolved": "https://npm.pkg.github.com/download/@loupeteam/librarybuilderproject/0.3.0/9c3c1fc98350439d618573f3b465d94e3ae1e000",
            "integrity": "sha512-kUOwhpPoqQ1DikLGFBH3c8+nsb28ayX2IpQRC0UaEg34cV4GrRoI0FvkSovc3tgrGohpyvxFPRy5C6TM5wj7JA==",
            "license": "MIT"
        },
        "node_modules/@loupeteam/quickio": {
            "version": "0.0.2",
            "resolved": "https://npm.pkg.github.com/download/@loupeteam/quickio/0.0.2/999f7be35b9e590914fa9e665f58674d01b8aaba",
            "integrity": "sha512-PLDRgjuA+7ky77alNickxG1owfpYzY6iDDq86FdVg6Prlm/5imRzdCBB7fEXqoPNSfrsEt99zuSC3xt9LQ7XKQ==",
            "license": "Loupe Software License Agreement"
        }
    }
}
